
Microsoft Visual Studio Solution File, Format Version 12.00
# Visual Studio 15
VisualStudioVersion = 15.0.27703.2047
MinimumVisualStudioVersion = 10.0.40219.1
Project("{FAE04EC0-301F-11D3-BF4B-00C04F79EFBC}") = "EEPROM", "EEPROM.csproj", "{2256AEA0-6A5A-4506-9F4B-99AB11C0ECA0}"
EndProject
Global
	GlobalSection(SolutionConfigurationPlatforms) = preSolution
		Debug|Any CPU = Debug|Any CPU
		Release|Any CPU = Release|Any CPU
	EndGlobalSection
	GlobalSection(ProjectConfigurationPlatforms) = postSolution
		{2256AEA0-6A5A-4506-9F4B-99AB11C0ECA0}.Debug|Any CPU.ActiveCfg = Debug|Any CPU
		{2256AEA0-6A5A-4506-9F4B-99AB11C0ECA0}.Debug|Any CPU.Build.0 = Debug|Any CPU
		{2256AEA0-6A5A-4506-9F4B-99AB11C0ECA0}.Release|Any CPU.ActiveCfg = Release|Any CPU
		{2256AEA0-6A5A-4506-9F4B-99AB11C0ECA0}.Release|Any CPU.Build.0 = Release|Any CPU
	EndGlobalSection
	GlobalSection(SolutionProperties) = preSolution
		HideSolutionNode = FALSE
	EndGlobalSection
	GlobalSection(ExtensibilityGlobals) = postSolution
		SolutionGuid = {1543906F-B0E2-48D9-8B35-395FB8A3ED38}
	EndGlobalSection
EndGlobal
